// !$*UTF8*$!
{
	archiveVersion = 1;
	classes = {
	};
	objectVersion = 50;
	objects = {

/* Begin PBXBuildFile section */
		63DFD68420D54DE600F90344 /* AppDelegate.swift in Sources */ = {isa = PBXBuildFile; fileRef = 63DFD68320D54DE600F90344 /* AppDelegate.swift */; };
		63DFD68620D54DE600F90344 /* ViewController.swift in Sources */ = {isa = PBXBuildFile; fileRef = 63DFD68520D54DE600F90344 /* ViewController.swift */; };
		63DFD68920D54DE600F90344 /* Main.storyboard in Resources */ = {isa = PBXBuildFile; fileRef = 63DFD68720D54DE600F90344 /* Main.storyboard */; };
		63DFD68B20D54DE800F90344 /* Assets.xcassets in Resources */ = {isa = PBXBuildFile; fileRef = 63DFD68A20D54DE800F90344 /* Assets.xcassets */; };
		63DFD68E20D54DE800F90344 /* LaunchScreen.storyboard in Resources */ = {isa = PBXBuildFile; fileRef = 63DFD68C20D54DE800F90344 /* LaunchScreen.storyboard */; };
		63DFD69620D54E5B00F90344 /* Task.swift in Sources */ = {isa = PBXBuildFile; fileRef = 63DFD69520D54E5B00F90344 /* Task.swift */; };
		63DFD69A20D54E9C00F90344 /* TaskResult.swift in Sources */ = {isa = PBXBuildFile; fileRef = 63DFD69920D54E9C00F90344 /* TaskResult.swift */; };
		63DFD69C20D54EAE00F90344 /* Tasker.swift in Sources */ = {isa = PBXBuildFile; fileRef = 63DFD69B20D54EAE00F90344 /* Tasker.swift */; };
		63DFD69E20D54ECD00F90344 /* Waterfall.swift in Sources */ = {isa = PBXBuildFile; fileRef = 63DFD69D20D54ECD00F90344 /* Waterfall.swift */; };
		63DFD6A020D54EEA00F90344 /* Result.swift in Sources */ = {isa = PBXBuildFile; fileRef = 63DFD69F20D54EEA00F90344 /* Result.swift */; };
		63DFD6A220D54F2900F90344 /* BlockTask.swift in Sources */ = {isa = PBXBuildFile; fileRef = 63DFD6A120D54F2900F90344 /* BlockTask.swift */; };
		63DFD6A420D5501500F90344 /* APIManager.swift in Sources */ = {isa = PBXBuildFile; fileRef = 63DFD6A320D5501500F90344 /* APIManager.swift */; };
		63DFD6A820D551E000F90344 /* User.swift in Sources */ = {isa = PBXBuildFile; fileRef = 63DFD6A720D551E000F90344 /* User.swift */; };
/* End PBXBuildFile section */

/* Begin PBXFileReference section */
		63DFD68020D54DE600F90344 /* Waterfall.app */ = {isa = PBXFileReference; explicitFileType = wrapper.application; includeInIndex = 0; path = Waterfall.app; sourceTree = BUILT_PRODUCTS_DIR; };
		63DFD68320D54DE600F90344 /* AppDelegate.swift */ = {isa = PBXFileReference; lastKnownFileType = sourcecode.swift; path = AppDelegate.swift; sourceTree = "<group>"; };
		63DFD68520D54DE600F90344 /* ViewController.swift */ = {isa = PBXFileReference; lastKnownFileType = sourcecode.swift; path = ViewController.swift; sourceTree = "<group>"; };
		63DFD68820D54DE600F90344 /* Base */ = {isa = PBXFileReference; lastKnownFileType = file.storyboard; name = Base; path = Base.lproj/Main.storyboard; sourceTree = "<group>"; };
		63DFD68A20D54DE800F90344 /* Assets.xcassets */ = {isa = PBXFileReference; lastKnownFileType = folder.assetcatalog; path = Assets.xcassets; sourceTree = "<group>"; };
		63DFD68D20D54DE800F90344 /* Base */ = {isa = PBXFileReference; lastKnownFileType = file.storyboard; name = Base; path = Base.lproj/LaunchScreen.storyboard; sourceTree = "<group>"; };
		63DFD68F20D54DE800F90344 /* Info.plist */ = {isa = PBXFileReference; lastKnownFileType = text.plist.xml; path = Info.plist; sourceTree = "<group>"; };
		63DFD69520D54E5B00F90344 /* Task.swift */ = {isa = PBXFileReference; lastKnownFileType = sourcecode.swift; path = Task.swift; sourceTree = "<group>"; };
		63DFD69920D54E9C00F90344 /* TaskResult.swift */ = {isa = PBXFileReference; lastKnownFileType = sourcecode.swift; path = TaskResult.swift; sourceTree = "<group>"; };
		63DFD69B20D54EAE00F90344 /* Tasker.swift */ = {isa = PBXFileReference; lastKnownFileType = sourcecode.swift; path = Tasker.swift; sourceTree = "<group>"; };
		63DFD69D20D54ECD00F90344 /* Waterfall.swift */ = {isa = PBXFileReference; lastKnownFileType = sourcecode.swift; path = Waterfall.swift; sourceTree = "<group>"; };
		63DFD69F20D54EEA00F90344 /* Result.swift */ = {isa = PBXFileReference; lastKnownFileType = sourcecode.swift; path = Result.swift; sourceTree = "<group>"; };
		63DFD6A120D54F2900F90344 /* BlockTask.swift */ = {isa = PBXFileReference; lastKnownFileType = sourcecode.swift; path = BlockTask.swift; sourceTree = "<group>"; };
		63DFD6A320D5501500F90344 /* APIManager.swift */ = {isa = PBXFileReference; lastKnownFileType = sourcecode.swift; path = APIManager.swift; sourceTree = "<group>"; };
		63DFD6A720D551E000F90344 /* User.swift */ = {isa = PBXFileReference; lastKnownFileType = sourcecode.swift; path = User.swift; sourceTree = "<group>"; };
/* End PBXFileReference section */

/* Begin PBXFrameworksBuildPhase section */
		63DFD67D20D54DE600F90344 /* Frameworks */ = {
			isa = PBXFrameworksBuildPhase;
			buildActionMask = 2147483647;
			files = (
			);
			runOnlyForDeploymentPostprocessing = 0;
		};
/* End PBXFrameworksBuildPhase section */

/* Begin PBXGroup section */
		63DFD67720D54DE600F90344 = {
			isa = PBXGroup;
			children = (
				63DFD68220D54DE600F90344 /* Waterfall */,
				63DFD68120D54DE600F90344 /* Products */,
			);
			sourceTree = "<group>";
		};
		63DFD68120D54DE600F90344 /* Products */ = {
			isa = PBXGroup;
			children = (
				63DFD68020D54DE600F90344 /* Waterfall.app */,
			);
			name = Products;
			sourceTree = "<group>";
		};
		63DFD68220D54DE600F90344 /* Waterfall */ = {
			isa = PBXGroup;
			children = (
				63DFD68320D54DE600F90344 /* AppDelegate.swift */,
				63DFD68520D54DE600F90344 /* ViewController.swift */,
				63DFD6AB20D553E100F90344 /* Networking */,
				63DFD6AA20D553DB00F90344 /* Model */,
				63DFD6A920D553A400F90344 /* Waterfall */,
				63DFD68720D54DE600F90344 /* Main.storyboard */,
				63DFD68A20D54DE800F90344 /* Assets.xcassets */,
				63DFD68C20D54DE800F90344 /* LaunchScreen.storyboard */,
				63DFD68F20D54DE800F90344 /* Info.plist */,
			);
			path = Waterfall;
			sourceTree = "<group>";
		};
		63DFD6A920D553A400F90344 /* Waterfall */ = {
			isa = PBXGroup;
			children = (
				63DFD69520D54E5B00F90344 /* Task.swift */,
				63DFD69920D54E9C00F90344 /* TaskResult.swift */,
				63DFD69B20D54EAE00F90344 /* Tasker.swift */,
				63DFD69D20D54ECD00F90344 /* Waterfall.swift */,
				63DFD6A120D54F2900F90344 /* BlockTask.swift */,
			);
			path = Waterfall;
			sourceTree = "<group>";
		};
		63DFD6AA20D553DB00F90344 /* Model */ = {
			isa = PBXGroup;
			children = (
				63DFD6A720D551E000F90344 /* User.swift */,
				63DFD69F20D54EEA00F90344 /* Result.swift */,
			);
			path = Model;
			sourceTree = "<group>";
		};
		63DFD6AB20D553E100F90344 /* Networking */ = {
			isa = PBXGroup;
			children = (
				63DFD6A320D5501500F90344 /* APIManager.swift */,
			);
			path = Networking;
			sourceTree = "<group>";
		};
/* End PBXGroup section */

/* Begin PBXNativeTarget section */
		63DFD67F20D54DE600F90344 /* Waterfall */ = {
			isa = PBXNativeTarget;
			buildConfigurationList = 63DFD69220D54DE800F90344 /* Build configuration list for PBXNativeTarget "Waterfall" */;
			buildPhases = (
				63DFD67C20D54DE600F90344 /* Sources */,
				63DFD67D20D54DE600F90344 /* Frameworks */,
				63DFD67E20D54DE600F90344 /* Resources */,
			);
			buildRules = (
			);
			dependencies = (
			);
			name = Waterfall;
			productName = Waterfall;
			productReference = 63DFD68020D54DE600F90344 /* Waterfall.app */;
			productType = "com.apple.product-type.application";
		};
/* End PBXNativeTarget section */

/* Begin PBXProject section */
		63DFD67820D54DE600F90344 /* Project object */ = {
			isa = PBXProject;
			attributes = {
				LastSwiftUpdateCheck = 0940;
				LastUpgradeCheck = 0940;
				ORGANIZATIONNAME = David;
				TargetAttributes = {
					63DFD67F20D54DE600F90344 = {
						CreatedOnToolsVersion = 9.4;
					};
				};
			};
			buildConfigurationList = 63DFD67B20D54DE600F90344 /* Build configuration list for PBXProject "Waterfall" */;
			compatibilityVersion = "Xcode 9.3";
			developmentRegion = en;
			hasScannedForEncodings = 0;
			knownRegions = (
				en,
				Base,
			);
			mainGroup = 63DFD67720D54DE600F90344;
			productRefGroup = 63DFD68120D54DE600F90344 /* Products */;
			projectDirPath = "";
			projectRoot = "";
			targets = (
				63DFD67F20D54DE600F90344 /* Waterfall */,
			);
		};
/* End PBXProject section */

/* Begin PBXResourcesBuildPhase section */
		63DFD67E20D54DE600F90344 /* Resources */ = {
			isa = PBXResourcesBuildPhase;
			buildActionMask = 2147483647;
			files = (
				63DFD68E20D54DE800F90344 /* LaunchScreen.storyboard in Resources */,
				63DFD68B20D54DE800F90344 /* Assets.xcassets in Resources */,
				63DFD68920D54DE600F90344 /* Main.storyboard in Resources */,
			);
			runOnlyForDeploymentPostprocessing = 0;
		};
/* End PBXResourcesBuildPhase section */

/* Begin PBXSourcesBuildPhase section */
		63DFD67C20D54DE600F90344 /* Sources */ = {
			isa = PBXSourcesBuildPhase;
			buildActionMask = 2147483647;
			files = (
				63DFD69A20D54E9C00F90344 /* TaskResult.swift in Sources */,
				63DFD6A220D54F2900F90344 /* BlockTask.swift in Sources */,
				63DFD68620D54DE600F90344 /* ViewController.swift in Sources */,
				63DFD6A420D5501500F90344 /* APIManager.swift in Sources */,
				63DFD69E20D54ECD00F90344 /* Waterfall.swift in Sources */,
				63DFD69C20D54EAE00F90344 /* Tasker.swift in Sources */,
				63DFD69620D54E5B00F90344 /* Task.swift in Sources */,
				63DFD6A020D54EEA00F90344 /* Result.swift in Sources */,
				63DFD6A820D551E000F90344 /* User.swift in Sources */,
				63DFD68420D54DE600F90344 /* AppDelegate.swift in Sources */,
			);
			runOnlyForDeploymentPostprocessing = 0;
		};
/* End PBXSourcesBuildPhase section */

/* Begin PBXVariantGroup section */
		63DFD68720D54DE600F90344 /* Main.storyboard */ = {
			isa = PBXVariantGroup;
			children = (
				63DFD68820D54DE600F90344 /* Base */,
			);
			name = Main.storyboard;
			sourceTree = "<group>";
		};
		63DFD68C20D54DE800F90344 /* LaunchScreen.storyboard */ = {
			isa = PBXVariantGroup;
			children = (
				63DFD68D20D54DE800F90344 /* Base */,
			);
			name = LaunchScreen.storyboard;
			sourceTree = "<group>";
		};
/* End PBXVariantGroup section */

/* Begin XCBuildConfiguration section */
		63DFD69020D54DE800F90344 /* Debug */ = {
			isa = XCBuildConfiguration;
			buildSettings = {
				ALWAYS_SEARCH_USER_PATHS = NO;
				CLANG_ANALYZER_NONNULL = YES;
				CLANG_ANALYZER_NUMBER_OBJECT_CONVERSION = YES_AGGRESSIVE;
				CLANG_CXX_LANGUAGE_STANDARD = "gnu++14";
				CLANG_CXX_LIBRARY = "libc++";
				CLANG_ENABLE_MODULES = YES;
				CLANG_ENABLE_OBJC_ARC = YES;
				CLANG_ENABLE_OBJC_WEAK = YES;
				CLANG_WARN_BLOCK_CAPTURE_AUTORELEASING = YES;
				CLANG_WARN_BOOL_CONVERSION = YES;
				CLANG_WARN_COMMA = YES;
				CLANG_WARN_CONSTANT_CONVERSION = YES;
				CLANG_WARN_DEPRECATED_OBJC_IMPLEMENTATIONS = YES;
				CLANG_WARN_DIRECT_OBJC_ISA_USAGE = YES_ERROR;
				CLANG_WARN_DOCUMENTATION_COMMENTS = YES;
				CLANG_WARN_EMPTY_BODY = YES;
				CLANG_WARN_ENUM_CONVERSION = YES;
				CLANG_WARN_INFINITE_RECURSION = YES;
				CLANG_WARN_INT_CONVERSION = YES;
				CLANG_WARN_NON_LITERAL_NULL_CONVERSION = YES;
				CLANG_WARN_OBJC_IMPLICIT_RETAIN_SELF = YES;
				CLANG_WARN_OBJC_LITERAL_CONVERSION = YES;
				CLANG_WARN_OBJC_ROOT_CLASS = YES_ERROR;
				CLANG_WARN_RANGE_LOOP_ANALYSIS = YES;
				CLANG_WARN_STRICT_PROTOTYPES = YES;
				CLANG_WARN_SUSPICIOUS_MOVE = YES;
				CLANG_WARN_UNGUARDED_AVAILABILITY = YES_AGGRESSIVE;
				CLANG_WARN_UNREACHABLE_CODE = YES;
				CLANG_WARN__DUPLICATE_METHOD_MATCH = YES;
				CODE_SIGN_IDENTITY = "iPhone Developer";
				COPY_PHASE_STRIP = NO;
				DEBUG_INFORMATION_FORMAT = dwarf;
				ENABLE_STRICT_OBJC_MSGSEND = YES;
				ENABLE_TESTABILITY = YES;
				GCC_C_LANGUAGE_STANDARD = gnu11;
				GCC_DYNAMIC_NO_PIC = NO;
				GCC_NO_COMMON_BLOCKS = YES;
				GCC_OPTIMIZATION_LEVEL = 0;
				GCC_PREPROCESSOR_DEFINITIONS = (
					"DEBUG=1",
					"$(inherited)",
				);
				GCC_WARN_64_TO_32_BIT_CONVERSION = YES;
				GCC_WARN_ABOUT_RETURN_TYPE = YES_ERROR;
				GCC_WARN_UNDECLARED_SELECTOR = YES;
				GCC_WARN_UNINITIALIZED_AUTOS = YES_AGGRESSIVE;
				GCC_WARN_UNUSED_FUNCTION = YES;
				GCC_WARN_UNUSED_VARIABLE = YES;
				IPHONEOS_DEPLOYMENT_TARGET = 11.4;
				MTL_ENABLE_DEBUG_INFO = YES;
				ONLY_ACTIVE_ARCH = YES;
				SDKROOT = iphoneos;
				SWIFT_ACTIVE_COMPILATION_CONDITIONS = DEBUG;
				SWIFT_OPTIMIZATION_LEVEL = "-Onone";
			};
			name = Debug;
		};
		63DFD69120D54DE800F90344 /* Release */ = {
			isa = XCBuildConfiguration;
			buildSettings = {
				ALWAYS_SEARCH_USER_PATHS = NO;
				CLANG_ANALYZER_NONNULL = YES;
				CLANG_ANALYZER_NUMBER_OBJECT_CONVERSION = YES_AGGRESSIVE;
				CLANG_CXX_LANGUAGE_STANDARD = "gnu++14";
				CLANG_CXX_LIBRARY = "libc++";
				CLANG_ENABLE_MODULES = YES;
				CLANG_ENABLE_OBJC_ARC = YES;
				CLANG_ENABLE_OBJC_WEAK = YES;
				CLANG_WARN_BLOCK_CAPTURE_AUTORELEASING = YES;
				CLANG_WARN_BOOL_CONVERSION = YES;
				CLANG_WARN_COMMA = YES;
				CLANG_WARN_CONSTANT_CONVERSION = YES;
				CLANG_WARN_DEPRECATED_OBJC_IMPLEMENTATIONS = YES;
				CLANG_WARN_DIRECT_OBJC_ISA_USAGE = YES_ERROR;
				CLANG_WARN_DOCUMENTATION_COMMENTS = YES;
				CLANG_WARN_EMPTY_BODY = YES;
				CLANG_WARN_ENUM_CONVERSION = YES;
				CLANG_WARN_INFINITE_RECURSION = YES;
				CLANG_WARN_INT_CONVERSION = YES;
				CLANG_WARN_NON_LITERAL_NULL_CONVERSION = YES;
				CLANG_WARN_OBJC_IMPLICIT_RETAIN_SELF = YES;
				CLANG_WARN_OBJC_LITERAL_CONVERSION = YES;
				CLANG_WARN_OBJC_ROOT_CLASS = YES_ERROR;
				CLANG_WARN_RANGE_LOOP_ANALYSIS = YES;
				CLANG_WARN_STRICT_PROTOTYPES = YES;
				CLANG_WARN_SUSPICIOUS_MOVE = YES;
				CLANG_WARN_UNGUARDED_AVAILABILITY = YES_AGGRESSIVE;
				CLANG_WARN_UNREACHABLE_CODE = YES;
				CLANG_WARN__DUPLICATE_METHOD_MATCH = YES;
				CODE_SIGN_IDENTITY = "iPhone Developer";
				COPY_PHASE_STRIP = NO;
				DEBUG_INFORMATION_FORMAT = "dwarf-with-dsym";
				ENABLE_NS_ASSERTIONS = NO;
				ENABLE_STRICT_OBJC_MSGSEND = YES;
				GCC_C_LANGUAGE_STANDARD = gnu11;
				GCC_NO_COMMON_BLOCKS = YES;
				GCC_WARN_64_TO_32_BIT_CONVERSION = YES;
				GCC_WARN_ABOUT_RETURN_TYPE = YES_ERROR;
				GCC_WARN_UNDECLARED_SELECTOR = YES;
				GCC_WARN_UNINITIALIZED_AUTOS = YES_AGGRESSIVE;
				GCC_WARN_UNUSED_FUNCTION = YES;
				GCC_WARN_UNUSED_VARIABLE = YES;
				IPHONEOS_DEPLOYMENT_TARGET = 11.4;
				MTL_ENABLE_DEBUG_INFO = NO;
				SDKROOT = iphoneos;
				SWIFT_COMPILATION_MODE = wholemodule;
				SWIFT_OPTIMIZATION_LEVEL = "-O";
				VALIDATE_PRODUCT = YES;
			};
			name = Release;
		};
		63DFD69320D54DE800F90344 /* Debug */ = {
			isa = XCBuildConfiguration;
			buildSettings = {
				ASSETCATALOG_COMPILER_APPICON_NAME = AppIcon;
				CODE_SIGN_STYLE = Automatic;
				DEVELOPMENT_TEAM = 46JUG75CSR;
				INFOPLIST_FILE = Waterfall/Info.plist;
				LD_RUNPATH_SEARCH_PATHS = (
					"$(inherited)",
					"@executable_path/Frameworks",
				);
				PRODUCT_BUNDLE_IDENTIFIER = com.applinco.Waterfall;
				PRODUCT_NAME = "$(TARGET_NAME)";
				SWIFT_VERSION = 4.0;
				TARGETED_DEVICE_FAMILY = "1,2";
			};
			name = Debug;
		};
		63DFD69420D54DE800F90344 /* Release */ = {
			isa = XCBuildConfiguration;
			buildSettings = {
				ASSETCATALOG_COMPILER_APPICON_NAME = AppIcon;
				CODE_SIGN_STYLE = Automatic;
				DEVELOPMENT_TEAM = 46JUG75CSR;
				INFOPLIST_FILE = Waterfall/Info.plist;
				LD_RUNPATH_SEARCH_PATHS = (
					"$(inherited)",
					"@executable_path/Frameworks",
				);
				PRODUCT_BUNDLE_IDENTIFIER = com.applinco.Waterfall;
				PRODUCT_NAME = "$(TARGET_NAME)";
				SWIFT_VERSION = 4.0;
				TARGETED_DEVICE_FAMILY = "1,2";
			};
			name = Release;
		};
/* End XCBuildConfiguration section */

/* Begin XCConfigurationList section */
		63DFD67B20D54DE600F90344 /* Build configuration list for PBXProject "Waterfall" */ = {
			isa = XCConfigurationList;
			buildConfigurations = (
				63DFD69020D54DE800F90344 /* Debug */,
				63DFD69120D54DE800F90344 /* Release */,
			);
			defaultConfigurationIsVisible = 0;
			defaultConfigurationName = Release;
		};
		63DFD69220D54DE800F90344 /* Build configuration list for PBXNativeTarget "Waterfall" */ = {
			isa = XCConfigurationList;
			buildConfigurations = (
				63DFD69320D54DE800F90344 /* Debug */,
				63DFD69420D54DE800F90344 /* Release */,
			);
			defaultConfigurationIsVisible = 0;
			defaultConfigurationName = Release;
		};
/* End XCConfigurationList section */
	};
	rootObject = 63DFD67820D54DE600F90344 /* Project object */;
}
